
Microsoft Visual Studio Solution File, Format Version 12.00
# Visual Studio Version 16
VisualStudioVersion = 16.0.30011.22
MinimumVisualStudioVersion = 10.0.40219.1
Project("{FAE04EC0-301F-11D3-BF4B-00C04F79EFBC}") = "ABB.Api", "ABB.Api\ABB.Api.csproj", "{D73D2B52-C31F-40FF-8050-2DB437E5D3C3}"
EndProject
Project("{2150E333-8FDC-42A3-9474-1A3956D46DE8}") = "src", "src", "{F02078EA-3161-4570-A51D-00907CF1AF1D}"
EndProject
Project("{2150E333-8FDC-42A3-9474-1A3956D46DE8}") = "test", "test", "{119175E0-4E74-41BF-8493-D87FCC22B4AD}"
EndProject
Project("{2150E333-8FDC-42A3-9474-1A3956D46DE8}") = "Application", "Application", "{77E0BCE1-E196-458D-B498-C4C14F2A6CAB}"
EndProject
Project("{2150E333-8FDC-42A3-9474-1A3956D46DE8}") = "Domain", "Domain", "{D837DEB3-0D88-4ED0-959E-CD3DCAC47B93}"
EndProject
Project("{2150E333-8FDC-42A3-9474-1A3956D46DE8}") = "Infrastructure", "Infrastructure", "{3F3F29EE-95C5-4185-995D-1C13ABEDA70E}"
EndProject
Project("{2150E333-8FDC-42A3-9474-1A3956D46DE8}") = "Api", "Api", "{D4D880CB-B540-499B-8A55-AA3C166530AD}"
EndProject
Project("{FAE04EC0-301F-11D3-BF4B-00C04F79EFBC}") = "ABB.Application", "ABB.Application\ABB.Application.csproj", "{238710F4-05C5-4D50-A1CC-5FA9B83AF613}"
EndProject
Project("{FAE04EC0-301F-11D3-BF4B-00C04F79EFBC}") = "ABB.Domain", "ABB.Domain\ABB.Domain.csproj", "{D9DC3249-3654-4192-88F2-E51BE7E0D1D7}"
EndProject
Project("{FAE04EC0-301F-11D3-BF4B-00C04F79EFBC}") = "ABB.Infrastructure", "ABB.Infrastructure\ABB.Infrastructure.csproj", "{C864A7A6-EF83-435D-88D3-F39D7869E24B}"
EndProject
Project("{FAE04EC0-301F-11D3-BF4B-00C04F79EFBC}") = "ABB.UnitTest", "ABB.UnitTest\ABB.UnitTest.csproj", "{6F1E92EC-FEB6-4842-BD3C-46D76017A3FE}"
EndProject
Global
	GlobalSection(SolutionConfigurationPlatforms) = preSolution
		Debug|Any CPU = Debug|Any CPU
		Release|Any CPU = Release|Any CPU
	EndGlobalSection
	GlobalSection(ProjectConfigurationPlatforms) = postSolution
		{D73D2B52-C31F-40FF-8050-2DB437E5D3C3}.Debug|Any CPU.ActiveCfg = Debug|Any CPU
		{D73D2B52-C31F-40FF-8050-2DB437E5D3C3}.Debug|Any CPU.Build.0 = Debug|Any CPU
		{D73D2B52-C31F-40FF-8050-2DB437E5D3C3}.Release|Any CPU.ActiveCfg = Release|Any CPU
		{D73D2B52-C31F-40FF-8050-2DB437E5D3C3}.Release|Any CPU.Build.0 = Release|Any CPU
		{238710F4-05C5-4D50-A1CC-5FA9B83AF613}.Debug|Any CPU.ActiveCfg = Debug|Any CPU
		{238710F4-05C5-4D50-A1CC-5FA9B83AF613}.Debug|Any CPU.Build.0 = Debug|Any CPU
		{238710F4-05C5-4D50-A1CC-5FA9B83AF613}.Release|Any CPU.ActiveCfg = Release|Any CPU
		{238710F4-05C5-4D50-A1CC-5FA9B83AF613}.Release|Any CPU.Build.0 = Release|Any CPU
		{D9DC3249-3654-4192-88F2-E51BE7E0D1D7}.Debug|Any CPU.ActiveCfg = Debug|Any CPU
		{D9DC3249-3654-4192-88F2-E51BE7E0D1D7}.Debug|Any CPU.Build.0 = Debug|Any CPU
		{D9DC3249-3654-4192-88F2-E51BE7E0D1D7}.Release|Any CPU.ActiveCfg = Release|Any CPU
		{D9DC3249-3654-4192-88F2-E51BE7E0D1D7}.Release|Any CPU.Build.0 = Release|Any CPU
		{C864A7A6-EF83-435D-88D3-F39D7869E24B}.Debug|Any CPU.ActiveCfg = Debug|Any CPU
		{C864A7A6-EF83-435D-88D3-F39D7869E24B}.Debug|Any CPU.Build.0 = Debug|Any CPU
		{C864A7A6-EF83-435D-88D3-F39D7869E24B}.Release|Any CPU.ActiveCfg = Release|Any CPU
		{C864A7A6-EF83-435D-88D3-F39D7869E24B}.Release|Any CPU.Build.0 = Release|Any CPU
		{6F1E92EC-FEB6-4842-BD3C-46D76017A3FE}.Debug|Any CPU.ActiveCfg = Debug|Any CPU
		{6F1E92EC-FEB6-4842-BD3C-46D76017A3FE}.Debug|Any CPU.Build.0 = Debug|Any CPU
		{6F1E92EC-FEB6-4842-BD3C-46D76017A3FE}.Release|Any CPU.ActiveCfg = Release|Any CPU
		{6F1E92EC-FEB6-4842-BD3C-46D76017A3FE}.Release|Any CPU.Build.0 = Release|Any CPU
	EndGlobalSection
	GlobalSection(SolutionProperties) = preSolution
		HideSolutionNode = FALSE
	EndGlobalSection
	GlobalSection(NestedProjects) = preSolution
		{D73D2B52-C31F-40FF-8050-2DB437E5D3C3} = {D4D880CB-B540-499B-8A55-AA3C166530AD}
		{77E0BCE1-E196-458D-B498-C4C14F2A6CAB} = {F02078EA-3161-4570-A51D-00907CF1AF1D}
		{D837DEB3-0D88-4ED0-959E-CD3DCAC47B93} = {F02078EA-3161-4570-A51D-00907CF1AF1D}
		{3F3F29EE-95C5-4185-995D-1C13ABEDA70E} = {F02078EA-3161-4570-A51D-00907CF1AF1D}
		{D4D880CB-B540-499B-8A55-AA3C166530AD} = {F02078EA-3161-4570-A51D-00907CF1AF1D}
		{238710F4-05C5-4D50-A1CC-5FA9B83AF613} = {77E0BCE1-E196-458D-B498-C4C14F2A6CAB}
		{D9DC3249-3654-4192-88F2-E51BE7E0D1D7} = {D837DEB3-0D88-4ED0-959E-CD3DCAC47B93}
		{C864A7A6-EF83-435D-88D3-F39D7869E24B} = {3F3F29EE-95C5-4185-995D-1C13ABEDA70E}
		{6F1E92EC-FEB6-4842-BD3C-46D76017A3FE} = {119175E0-4E74-41BF-8493-D87FCC22B4AD}
	EndGlobalSection
	GlobalSection(ExtensibilityGlobals) = postSolution
		SolutionGuid = {C4102BDF-5CB3-44C3-B61D-427DBC573ABA}
	EndGlobalSection
EndGlobal
